// !$*UTF8*$!
{
	archiveVersion = 1;
	classes = {
	};
	objectVersion = 50;
	objects = {

/* Begin PBXBuildFile section */
		C393C82B239ADEEA00116984 /* AppDelegate.swift in Sources */ = {isa = PBXBuildFile; fileRef = C393C82A239ADEEA00116984 /* AppDelegate.swift */; };
		C393C82D239ADEEA00116984 /* SceneDelegate.swift in Sources */ = {isa = PBXBuildFile; fileRef = C393C82C239ADEEA00116984 /* SceneDelegate.swift */; };
		C393C82F239ADEEA00116984 /* ViewController.swift in Sources */ = {isa = PBXBuildFile; fileRef = C393C82E239ADEEA00116984 /* ViewController.swift */; };
		C393C832239ADEEA00116984 /* Main.storyboard in Resources */ = {isa = PBXBuildFile; fileRef = C393C830239ADEEA00116984 /* Main.storyboard */; };
		C393C834239ADEEB00116984 /* Assets.xcassets in Resources */ = {isa = PBXBuildFile; fileRef = C393C833239ADEEB00116984 /* Assets.xcassets */; };
		C393C837239ADEEB00116984 /* LaunchScreen.storyboard in Resources */ = {isa = PBXBuildFile; fileRef = C393C835239ADEEB00116984 /* LaunchScreen.storyboard */; };
		C393C842239ADEEB00116984 /* FinalProjectTests.swift in Sources */ = {isa = PBXBuildFile; fileRef = C393C841239ADEEB00116984 /* FinalProjectTests.swift */; };
		C393C84D239ADEEB00116984 /* FinalProjectUITests.swift in Sources */ = {isa = PBXBuildFile; fileRef = C393C84C239ADEEB00116984 /* FinalProjectUITests.swift */; };
		C393C85B239AE0B800116984 /* CToF.jpg in Resources */ = {isa = PBXBuildFile; fileRef = C393C85A239AE0B800116984 /* CToF.jpg */; };
/* End PBXBuildFile section */

/* Begin PBXContainerItemProxy section */
		C393C83E239ADEEB00116984 /* PBXContainerItemProxy */ = {
			isa = PBXContainerItemProxy;
			containerPortal = C393C81F239ADEEA00116984 /* Project object */;
			proxyType = 1;
			remoteGlobalIDString = C393C826239ADEEA00116984;
			remoteInfo = FinalProject;
		};
		C393C849239ADEEB00116984 /* PBXContainerItemProxy */ = {
			isa = PBXContainerItemProxy;
			containerPortal = C393C81F239ADEEA00116984 /* Project object */;
			proxyType = 1;
			remoteGlobalIDString = C393C826239ADEEA00116984;
			remoteInfo = FinalProject;
		};
/* End PBXContainerItemProxy section */

/* Begin PBXFileReference section */
		C393C827239ADEEA00116984 /* FinalProject.app */ = {isa = PBXFileReference; explicitFileType = wrapper.application; includeInIndex = 0; path = FinalProject.app; sourceTree = BUILT_PRODUCTS_DIR; };
		C393C82A239ADEEA00116984 /* AppDelegate.swift */ = {isa = PBXFileReference; lastKnownFileType = sourcecode.swift; path = AppDelegate.swift; sourceTree = "<group>"; };
		C393C82C239ADEEA00116984 /* SceneDelegate.swift */ = {isa = PBXFileReference; lastKnownFileType = sourcecode.swift; path = SceneDelegate.swift; sourceTree = "<group>"; };
		C393C82E239ADEEA00116984 /* ViewController.swift */ = {isa = PBXFileReference; lastKnownFileType = sourcecode.swift; path = ViewController.swift; sourceTree = "<group>"; };
		C393C831239ADEEA00116984 /* Base */ = {isa = PBXFileReference; lastKnownFileType = file.storyboard; name = Base; path = Base.lproj/Main.storyboard; sourceTree = "<group>"; };
		C393C833239ADEEB00116984 /* Assets.xcassets */ = {isa = PBXFileReference; lastKnownFileType = folder.assetcatalog; path = Assets.xcassets; sourceTree = "<group>"; };
		C393C836239ADEEB00116984 /* Base */ = {isa = PBXFileReference; lastKnownFileType = file.storyboard; name = Base; path = Base.lproj/LaunchScreen.storyboard; sourceTree = "<group>"; };
		C393C838239ADEEB00116984 /* Info.plist */ = {isa = PBXFileReference; lastKnownFileType = text.plist.xml; path = Info.plist; sourceTree = "<group>"; };
		C393C83D239ADEEB00116984 /* FinalProjectTests.xctest */ = {isa = PBXFileReference; explicitFileType = wrapper.cfbundle; includeInIndex = 0; path = FinalProjectTests.xctest; sourceTree = BUILT_PRODUCTS_DIR; };
		C393C841239ADEEB00116984 /* FinalProjectTests.swift */ = {isa = PBXFileReference; lastKnownFileType = sourcecode.swift; path = FinalProjectTests.swift; sourceTree = "<group>"; };
		C393C843239ADEEB00116984 /* Info.plist */ = {isa = PBXFileReference; lastKnownFileType = text.plist.xml; path = Info.plist; sourceTree = "<group>"; };
		C393C848239ADEEB00116984 /* FinalProjectUITests.xctest */ = {isa = PBXFileReference; explicitFileType = wrapper.cfbundle; includeInIndex = 0; path = FinalProjectUITests.xctest; sourceTree = BUILT_PRODUCTS_DIR; };
		C393C84C239ADEEB00116984 /* FinalProjectUITests.swift */ = {isa = PBXFileReference; lastKnownFileType = sourcecode.swift; path = FinalProjectUITests.swift; sourceTree = "<group>"; };
		C393C84E239ADEEB00116984 /* Info.plist */ = {isa = PBXFileReference; lastKnownFileType = text.plist.xml; path = Info.plist; sourceTree = "<group>"; };
		C393C85A239AE0B800116984 /* CToF.jpg */ = {isa = PBXFileReference; lastKnownFileType = image.jpeg; name = CToF.jpg; path = ../../CToF.jpg; sourceTree = "<group>"; };
/* End PBXFileReference section */

/* Begin PBXFrameworksBuildPhase section */
		C393C824239ADEEA00116984 /* Frameworks */ = {
			isa = PBXFrameworksBuildPhase;
			buildActionMask = 2147483647;
			files = (
			);
			runOnlyForDeploymentPostprocessing = 0;
		};
		C393C83A239ADEEB00116984 /* Frameworks */ = {
			isa = PBXFrameworksBuildPhase;
			buildActionMask = 2147483647;
			files = (
			);
			runOnlyForDeploymentPostprocessing = 0;
		};
		C393C845239ADEEB00116984 /* Frameworks */ = {
			isa = PBXFrameworksBuildPhase;
			buildActionMask = 2147483647;
			files = (
			);
			runOnlyForDeploymentPostprocessing = 0;
		};
/* End PBXFrameworksBuildPhase section */

/* Begin PBXGroup section */
		C393C81E239ADEEA00116984 = {
			isa = PBXGroup;
			children = (
				C393C829239ADEEA00116984 /* FinalProject */,
				C393C840239ADEEB00116984 /* FinalProjectTests */,
				C393C84B239ADEEB00116984 /* FinalProjectUITests */,
				C393C828239ADEEA00116984 /* Products */,
			);
			sourceTree = "<group>";
		};
		C393C828239ADEEA00116984 /* Products */ = {
			isa = PBXGroup;
			children = (
				C393C827239ADEEA00116984 /* FinalProject.app */,
				C393C83D239ADEEB00116984 /* FinalProjectTests.xctest */,
				C393C848239ADEEB00116984 /* FinalProjectUITests.xctest */,
			);
			name = Products;
			sourceTree = "<group>";
		};
		C393C829239ADEEA00116984 /* FinalProject */ = {
			isa = PBXGroup;
			children = (
				C393C82A239ADEEA00116984 /* AppDelegate.swift */,
				C393C82C239ADEEA00116984 /* SceneDelegate.swift */,
				C393C82E239ADEEA00116984 /* ViewController.swift */,
				C393C830239ADEEA00116984 /* Main.storyboard */,
				C393C85A239AE0B800116984 /* CToF.jpg */,
				C393C833239ADEEB00116984 /* Assets.xcassets */,
				C393C835239ADEEB00116984 /* LaunchScreen.storyboard */,
				C393C838239ADEEB00116984 /* Info.plist */,
			);
			path = FinalProject;
			sourceTree = "<group>";
		};
		C393C840239ADEEB00116984 /* FinalProjectTests */ = {
			isa = PBXGroup;
			children = (
				C393C841239ADEEB00116984 /* FinalProjectTests.swift */,
				C393C843239ADEEB00116984 /* Info.plist */,
			);
			path = FinalProjectTests;
			sourceTree = "<group>";
		};
		C393C84B239ADEEB00116984 /* FinalProjectUITests */ = {
			isa = PBXGroup;
			children = (
				C393C84C239ADEEB00116984 /* FinalProjectUITests.swift */,
				C393C84E239ADEEB00116984 /* Info.plist */,
			);
			path = FinalProjectUITests;
			sourceTree = "<group>";
		};
/* End PBXGroup section */

/* Begin PBXNativeTarget section */
		C393C826239ADEEA00116984 /* FinalProject */ = {
			isa = PBXNativeTarget;
			buildConfigurationList = C393C851239ADEEB00116984 /* Build configuration list for PBXNativeTarget "FinalProject" */;
			buildPhases = (
				C393C823239ADEEA00116984 /* Sources */,
				C393C824239ADEEA00116984 /* Frameworks */,
				C393C825239ADEEA00116984 /* Resources */,
			);
			buildRules = (
			);
			dependencies = (
			);
			name = FinalProject;
			productName = FinalProject;
			productReference = C393C827239ADEEA00116984 /* FinalProject.app */;
			productType = "com.apple.product-type.application";
		};
		C393C83C239ADEEB00116984 /* FinalProjectTests */ = {
			isa = PBXNativeTarget;
			buildConfigurationList = C393C854239ADEEB00116984 /* Build configuration list for PBXNativeTarget "FinalProjectTests" */;
			buildPhases = (
				C393C839239ADEEB00116984 /* Sources */,
				C393C83A239ADEEB00116984 /* Frameworks */,
				C393C83B239ADEEB00116984 /* Resources */,
			);
			buildRules = (
			);
			dependencies = (
				C393C83F239ADEEB00116984 /* PBXTargetDependency */,
			);
			name = FinalProjectTests;
			productName = FinalProjectTests;
			productReference = C393C83D239ADEEB00116984 /* FinalProjectTests.xctest */;
			productType = "com.apple.product-type.bundle.unit-test";
		};
		C393C847239ADEEB00116984 /* FinalProjectUITests */ = {
			isa = PBXNativeTarget;
			buildConfigurationList = C393C857239ADEEB00116984 /* Build configuration list for PBXNativeTarget "FinalProjectUITests" */;
			buildPhases = (
				C393C844239ADEEB00116984 /* Sources */,
				C393C845239ADEEB00116984 /* Frameworks */,
				C393C846239ADEEB00116984 /* Resources */,
			);
			buildRules = (
			);
			dependencies = (
				C393C84A239ADEEB00116984 /* PBXTargetDependency */,
			);
			name = FinalProjectUITests;
			productName = FinalProjectUITests;
			productReference = C393C848239ADEEB00116984 /* FinalProjectUITests.xctest */;
			productType = "com.apple.product-type.bundle.ui-testing";
		};
/* End PBXNativeTarget section */

/* Begin PBXProject section */
		C393C81F239ADEEA00116984 /* Project object */ = {
			isa = PBXProject;
			attributes = {
				LastSwiftUpdateCheck = 1100;
				LastUpgradeCheck = 1100;
				ORGANIZATIONNAME = "Kayla Reap";
				TargetAttributes = {
					C393C826239ADEEA00116984 = {
						CreatedOnToolsVersion = 11.0;
					};
					C393C83C239ADEEB00116984 = {
						CreatedOnToolsVersion = 11.0;
						TestTargetID = C393C826239ADEEA00116984;
					};
					C393C847239ADEEB00116984 = {
						CreatedOnToolsVersion = 11.0;
						TestTargetID = C393C826239ADEEA00116984;
					};
				};
			};
			buildConfigurationList = C393C822239ADEEA00116984 /* Build configuration list for PBXProject "FinalProject" */;
			compatibilityVersion = "Xcode 9.3";
			developmentRegion = en;
			hasScannedForEncodings = 0;
			knownRegions = (
				en,
				Base,
			);
			mainGroup = C393C81E239ADEEA00116984;
			productRefGroup = C393C828239ADEEA00116984 /* Products */;
			projectDirPath = "";
			projectRoot = "";
			targets = (
				C393C826239ADEEA00116984 /* FinalProject */,
				C393C83C239ADEEB00116984 /* FinalProjectTests */,
				C393C847239ADEEB00116984 /* FinalProjectUITests */,
			);
		};
/* End PBXProject section */

/* Begin PBXResourcesBuildPhase section */
		C393C825239ADEEA00116984 /* Resources */ = {
			isa = PBXResourcesBuildPhase;
			buildActionMask = 2147483647;
			files = (
				C393C837239ADEEB00116984 /* LaunchScreen.storyboard in Resources */,
				C393C834239ADEEB00116984 /* Assets.xcassets in Resources */,
				C393C832239ADEEA00116984 /* Main.storyboard in Resources */,
				C393C85B239AE0B800116984 /* CToF.jpg in Resources */,
			);
			runOnlyForDeploymentPostprocessing = 0;
		};
		C393C83B239ADEEB00116984 /* Resources */ = {
			isa = PBXResourcesBuildPhase;
			buildActionMask = 2147483647;
			files = (
			);
			runOnlyForDeploymentPostprocessing = 0;
		};
		C393C846239ADEEB00116984 /* Resources */ = {
			isa = PBXResourcesBuildPhase;
			buildActionMask = 2147483647;
			files = (
			);
			runOnlyForDeploymentPostprocessing = 0;
		};
/* End PBXResourcesBuildPhase section */

/* Begin PBXSourcesBuildPhase section */
		C393C823239ADEEA00116984 /* Sources */ = {
			isa = PBXSourcesBuildPhase;
			buildActionMask = 2147483647;
			files = (
				C393C82F239ADEEA00116984 /* ViewController.swift in Sources */,
				C393C82B239ADEEA00116984 /* AppDelegate.swift in Sources */,
				C393C82D239ADEEA00116984 /* SceneDelegate.swift in Sources */,
			);
			runOnlyForDeploymentPostprocessing = 0;
		};
		C393C839239ADEEB00116984 /* Sources */ = {
			isa = PBXSourcesBuildPhase;
			buildActionMask = 2147483647;
			files = (
				C393C842239ADEEB00116984 /* FinalProjectTests.swift in Sources */,
			);
			runOnlyForDeploymentPostprocessing = 0;
		};
		C393C844239ADEEB00116984 /* Sources */ = {
			isa = PBXSourcesBuildPhase;
			buildActionMask = 2147483647;
			files = (
				C393C84D239ADEEB00116984 /* FinalProjectUITests.swift in Sources */,
			);
			runOnlyForDeploymentPostprocessing = 0;
		};
/* End PBXSourcesBuildPhase section */

/* Begin PBXTargetDependency section */
		C393C83F239ADEEB00116984 /* PBXTargetDependency */ = {
			isa = PBXTargetDependency;
			target = C393C826239ADEEA00116984 /* FinalProject */;
			targetProxy = C393C83E239ADEEB00116984 /* PBXContainerItemProxy */;
		};
		C393C84A239ADEEB00116984 /* PBXTargetDependency */ = {
			isa = PBXTargetDependency;
			target = C393C826239ADEEA00116984 /* FinalProject */;
			targetProxy = C393C849239ADEEB00116984 /* PBXContainerItemProxy */;
		};
/* End PBXTargetDependency section */

/* Begin PBXVariantGroup section */
		C393C830239ADEEA00116984 /* Main.storyboard */ = {
			isa = PBXVariantGroup;
			children = (
				C393C831239ADEEA00116984 /* Base */,
			);
			name = Main.storyboard;
			sourceTree = "<group>";
		};
		C393C835239ADEEB00116984 /* LaunchScreen.storyboard */ = {
			isa = PBXVariantGroup;
			children = (
				C393C836239ADEEB00116984 /* Base */,
			);
			name = LaunchScreen.storyboard;
			sourceTree = "<group>";
		};
/* End PBXVariantGroup section */

/* Begin XCBuildConfiguration section */
		C393C84F239ADEEB00116984 /* Debug */ = {
			isa = XCBuildConfiguration;
			buildSettings = {
				ALWAYS_SEARCH_USER_PATHS = NO;
				CLANG_ANALYZER_NONNULL = YES;
				CLANG_ANALYZER_NUMBER_OBJECT_CONVERSION = YES_AGGRESSIVE;
				CLANG_CXX_LANGUAGE_STANDARD = "gnu++14";
				CLANG_CXX_LIBRARY = "libc++";
				CLANG_ENABLE_MODULES = YES;
				CLANG_ENABLE_OBJC_ARC = YES;
				CLANG_ENABLE_OBJC_WEAK = YES;
				CLANG_WARN_BLOCK_CAPTURE_AUTORELEASING = YES;
				CLANG_WARN_BOOL_CONVERSION = YES;
				CLANG_WARN_COMMA = YES;
				CLANG_WARN_CONSTANT_CONVERSION = YES;
				CLANG_WARN_DEPRECATED_OBJC_IMPLEMENTATIONS = YES;
				CLANG_WARN_DIRECT_OBJC_ISA_USAGE = YES_ERROR;
				CLANG_WARN_DOCUMENTATION_COMMENTS = YES;
				CLANG_WARN_EMPTY_BODY = YES;
				CLANG_WARN_ENUM_CONVERSION = YES;
				CLANG_WARN_INFINITE_RECURSION = YES;
				CLANG_WARN_INT_CONVERSION = YES;
				CLANG_WARN_NON_LITERAL_NULL_CONVERSION = YES;
				CLANG_WARN_OBJC_IMPLICIT_RETAIN_SELF = YES;
				CLANG_WARN_OBJC_LITERAL_CONVERSION = YES;
				CLANG_WARN_OBJC_ROOT_CLASS = YES_ERROR;
				CLANG_WARN_RANGE_LOOP_ANALYSIS = YES;
				CLANG_WARN_STRICT_PROTOTYPES = YES;
				CLANG_WARN_SUSPICIOUS_MOVE = YES;
				CLANG_WARN_UNGUARDED_AVAILABILITY = YES_AGGRESSIVE;
				CLANG_WARN_UNREACHABLE_CODE = YES;
				CLANG_WARN__DUPLICATE_METHOD_MATCH = YES;
				COPY_PHASE_STRIP = NO;
				DEBUG_INFORMATION_FORMAT = dwarf;
				ENABLE_STRICT_OBJC_MSGSEND = YES;
				ENABLE_TESTABILITY = YES;
				GCC_C_LANGUAGE_STANDARD = gnu11;
				GCC_DYNAMIC_NO_PIC = NO;
				GCC_NO_COMMON_BLOCKS = YES;
				GCC_OPTIMIZATION_LEVEL = 0;
				GCC_PREPROCESSOR_DEFINITIONS = (
					"DEBUG=1",
					"$(inherited)",
				);
				GCC_WARN_64_TO_32_BIT_CONVERSION = YES;
				GCC_WARN_ABOUT_RETURN_TYPE = YES_ERROR;
				GCC_WARN_UNDECLARED_SELECTOR = YES;
				GCC_WARN_UNINITIALIZED_AUTOS = YES_AGGRESSIVE;
				GCC_WARN_UNUSED_FUNCTION = YES;
				GCC_WARN_UNUSED_VARIABLE = YES;
				IPHONEOS_DEPLOYMENT_TARGET = 13.0;
				MTL_ENABLE_DEBUG_INFO = INCLUDE_SOURCE;
				MTL_FAST_MATH = YES;
				ONLY_ACTIVE_ARCH = YES;
				SDKROOT = iphoneos;
				SWIFT_ACTIVE_COMPILATION_CONDITIONS = DEBUG;
				SWIFT_OPTIMIZATION_LEVEL = "-Onone";
			};
			name = Debug;
		};
		C393C850239ADEEB00116984 /* Release */ = {
			isa = XCBuildConfiguration;
			buildSettings = {
				ALWAYS_SEARCH_USER_PATHS = NO;
				CLANG_ANALYZER_NONNULL = YES;
				CLANG_ANALYZER_NUMBER_OBJECT_CONVERSION = YES_AGGRESSIVE;
				CLANG_CXX_LANGUAGE_STANDARD = "gnu++14";
				CLANG_CXX_LIBRARY = "libc++";
				CLANG_ENABLE_MODULES = YES;
				CLANG_ENABLE_OBJC_ARC = YES;
				CLANG_ENABLE_OBJC_WEAK = YES;
				CLANG_WARN_BLOCK_CAPTURE_AUTORELEASING = YES;
				CLANG_WARN_BOOL_CONVERSION = YES;
				CLANG_WARN_COMMA = YES;
				CLANG_WARN_CONSTANT_CONVERSION = YES;
				CLANG_WARN_DEPRECATED_OBJC_IMPLEMENTATIONS = YES;
				CLANG_WARN_DIRECT_OBJC_ISA_USAGE = YES_ERROR;
				CLANG_WARN_DOCUMENTATION_COMMENTS = YES;
				CLANG_WARN_EMPTY_BODY = YES;
				CLANG_WARN_ENUM_CONVERSION = YES;
				CLANG_WARN_INFINITE_RECURSION = YES;
				CLANG_WARN_INT_CONVERSION = YES;
				CLANG_WARN_NON_LITERAL_NULL_CONVERSION = YES;
				CLANG_WARN_OBJC_IMPLICIT_RETAIN_SELF = YES;
				CLANG_WARN_OBJC_LITERAL_CONVERSION = YES;
				CLANG_WARN_OBJC_ROOT_CLASS = YES_ERROR;
				CLANG_WARN_RANGE_LOOP_ANALYSIS = YES;
				CLANG_WARN_STRICT_PROTOTYPES = YES;
				CLANG_WARN_SUSPICIOUS_MOVE = YES;
				CLANG_WARN_UNGUARDED_AVAILABILITY = YES_AGGRESSIVE;
				CLANG_WARN_UNREACHABLE_CODE = YES;
				CLANG_WARN__DUPLICATE_METHOD_MATCH = YES;
				COPY_PHASE_STRIP = NO;
				DEBUG_INFORMATION_FORMAT = "dwarf-with-dsym";
				ENABLE_NS_ASSERTIONS = NO;
				ENABLE_STRICT_OBJC_MSGSEND = YES;
				GCC_C_LANGUAGE_STANDARD = gnu11;
				GCC_NO_COMMON_BLOCKS = YES;
				GCC_WARN_64_TO_32_BIT_CONVERSION = YES;
				GCC_WARN_ABOUT_RETURN_TYPE = YES_ERROR;
				GCC_WARN_UNDECLARED_SELECTOR = YES;
				GCC_WARN_UNINITIALIZED_AUTOS = YES_AGGRESSIVE;
				GCC_WARN_UNUSED_FUNCTION = YES;
				GCC_WARN_UNUSED_VARIABLE = YES;
				IPHONEOS_DEPLOYMENT_TARGET = 13.0;
				MTL_ENABLE_DEBUG_INFO = NO;
				MTL_FAST_MATH = YES;
				SDKROOT = iphoneos;
				SWIFT_COMPILATION_MODE = wholemodule;
				SWIFT_OPTIMIZATION_LEVEL = "-O";
				VALIDATE_PRODUCT = YES;
			};
			name = Release;
		};
		C393C852239ADEEB00116984 /* Debug */ = {
			isa = XCBuildConfiguration;
			buildSettings = {
				ASSETCATALOG_COMPILER_APPICON_NAME = AppIcon;
				CODE_SIGN_STYLE = Automatic;
				INFOPLIST_FILE = FinalProject/Info.plist;
				LD_RUNPATH_SEARCH_PATHS = (
					"$(inherited)",
					"@executable_path/Frameworks",
				);
				PRODUCT_BUNDLE_IDENTIFIER = knrwdm.FinalProject;
				PRODUCT_NAME = "$(TARGET_NAME)";
				SWIFT_VERSION = 5.0;
				TARGETED_DEVICE_FAMILY = "1,2";
			};
			name = Debug;
		};
		C393C853239ADEEB00116984 /* Release */ = {
			isa = XCBuildConfiguration;
			buildSettings = {
				ASSETCATALOG_COMPILER_APPICON_NAME = AppIcon;
				CODE_SIGN_STYLE = Automatic;
				INFOPLIST_FILE = FinalProject/Info.plist;
				LD_RUNPATH_SEARCH_PATHS = (
					"$(inherited)",
					"@executable_path/Frameworks",
				);
				PRODUCT_BUNDLE_IDENTIFIER = knrwdm.FinalProject;
				PRODUCT_NAME = "$(TARGET_NAME)";
				SWIFT_VERSION = 5.0;
				TARGETED_DEVICE_FAMILY = "1,2";
			};
			name = Release;
		};
		C393C855239ADEEB00116984 /* Debug */ = {
			isa = XCBuildConfiguration;
			buildSettings = {
				ALWAYS_EMBED_SWIFT_STANDARD_LIBRARIES = YES;
				BUNDLE_LOADER = "$(TEST_HOST)";
				CODE_SIGN_STYLE = Automatic;
				INFOPLIST_FILE = FinalProjectTests/Info.plist;
				IPHONEOS_DEPLOYMENT_TARGET = 13.0;
				LD_RUNPATH_SEARCH_PATHS = (
					"$(inherited)",
					"@executable_path/Frameworks",
					"@loader_path/Frameworks",
				);
				PRODUCT_BUNDLE_IDENTIFIER = knrwdm.FinalProjectTests;
				PRODUCT_NAME = "$(TARGET_NAME)";
				SWIFT_VERSION = 5.0;
				TARGETED_DEVICE_FAMILY = "1,2";
				TEST_HOST = "$(BUILT_PRODUCTS_DIR)/FinalProject.app/FinalProject";
			};
			name = Debug;
		};
		C393C856239ADEEB00116984 /* Release */ = {
			isa = XCBuildConfiguration;
			buildSettings = {
				ALWAYS_EMBED_SWIFT_STANDARD_LIBRARIES = YES;
				BUNDLE_LOADER = "$(TEST_HOST)";
				CODE_SIGN_STYLE = Automatic;
				INFOPLIST_FILE = FinalProjectTests/Info.plist;
				IPHONEOS_DEPLOYMENT_TARGET = 13.0;
				LD_RUNPATH_SEARCH_PATHS = (
					"$(inherited)",
					"@executable_path/Frameworks",
					"@loader_path/Frameworks",
				);
				PRODUCT_BUNDLE_IDENTIFIER = knrwdm.FinalProjectTests;
				PRODUCT_NAME = "$(TARGET_NAME)";
				SWIFT_VERSION = 5.0;
				TARGETED_DEVICE_FAMILY = "1,2";
				TEST_HOST = "$(BUILT_PRODUCTS_DIR)/FinalProject.app/FinalProject";
			};
			name = Release;
		};
		C393C858239ADEEB00116984 /* Debug */ = {
			isa = XCBuildConfiguration;
			buildSettings = {
				ALWAYS_EMBED_SWIFT_STANDARD_LIBRARIES = YES;
				CODE_SIGN_STYLE = Automatic;
				INFOPLIST_FILE = FinalProjectUITests/Info.plist;
				LD_RUNPATH_SEARCH_PATHS = (
					"$(inherited)",
					"@executable_path/Frameworks",
					"@loader_path/Frameworks",
				);
				PRODUCT_BUNDLE_IDENTIFIER = knrwdm.FinalProjectUITests;
				PRODUCT_NAME = "$(TARGET_NAME)";
				SWIFT_VERSION = 5.0;
				TARGETED_DEVICE_FAMILY = "1,2";
				TEST_TARGET_NAME = FinalProject;
			};
			name = Debug;
		};
		C393C859239ADEEB00116984 /* Release */ = {
			isa = XCBuildConfiguration;
			buildSettings = {
				ALWAYS_EMBED_SWIFT_STANDARD_LIBRARIES = YES;
				CODE_SIGN_STYLE = Automatic;
				INFOPLIST_FILE = FinalProjectUITests/Info.plist;
				LD_RUNPATH_SEARCH_PATHS = (
					"$(inherited)",
					"@executable_path/Frameworks",
					"@loader_path/Frameworks",
				);
				PRODUCT_BUNDLE_IDENTIFIER = knrwdm.FinalProjectUITests;
				PRODUCT_NAME = "$(TARGET_NAME)";
				SWIFT_VERSION = 5.0;
				TARGETED_DEVICE_FAMILY = "1,2";
				TEST_TARGET_NAME = FinalProject;
			};
			name = Release;
		};
/* End XCBuildConfiguration section */

/* Begin XCConfigurationList section */
		C393C822239ADEEA00116984 /* Build configuration list for PBXProject "FinalProject" */ = {
			isa = XCConfigurationList;
			buildConfigurations = (
				C393C84F239ADEEB00116984 /* Debug */,
				C393C850239ADEEB00116984 /* Release */,
			);
			defaultConfigurationIsVisible = 0;
			defaultConfigurationName = Release;
		};
		C393C851239ADEEB00116984 /* Build configuration list for PBXNativeTarget "FinalProject" */ = {
			isa = XCConfigurationList;
			buildConfigurations = (
				C393C852239ADEEB00116984 /* Debug */,
				C393C853239ADEEB00116984 /* Release */,
			);
			defaultConfigurationIsVisible = 0;
			defaultConfigurationName = Release;
		};
		C393C854239ADEEB00116984 /* Build configuration list for PBXNativeTarget "FinalProjectTests" */ = {
			isa = XCConfigurationList;
			buildConfigurations = (
				C393C855239ADEEB00116984 /* Debug */,
				C393C856239ADEEB00116984 /* Release */,
			);
			defaultConfigurationIsVisible = 0;
			defaultConfigurationName = Release;
		};
		C393C857239ADEEB00116984 /* Build configuration list for PBXNativeTarget "FinalProjectUITests" */ = {
			isa = XCConfigurationList;
			buildConfigurations = (
				C393C858239ADEEB00116984 /* Debug */,
				C393C859239ADEEB00116984 /* Release */,
			);
			defaultConfigurationIsVisible = 0;
			defaultConfigurationName = Release;
		};
/* End XCConfigurationList section */
	};
	rootObject = C393C81F239ADEEA00116984 /* Project object */;
}
